
Microsoft Visual Studio Solution File, Format Version 12.00
# Visual Studio Version 17
VisualStudioVersion = 17.10.35013.160
MinimumVisualStudioVersion = 10.0.40219.1
Project("{FAE04EC0-301F-11D3-BF4B-00C04F79EFBC}") = "A002_HelloWorld", "A002_HelloWorld\A002_HelloWorld.csproj", "{0B7E12A3-B4CF-4702-AF3E-0A22148D231C}"
EndProject
Project("{FAE04EC0-301F-11D3-BF4B-00C04F79EFBC}") = "A003_Console", "A003_Console\A003_Console.csproj", "{6AFFA2B1-9C9A-4ED9-909C-1B9318EB56FC}"
EndProject
Global
	GlobalSection(SolutionConfigurationPlatforms) = preSolution
		Debug|Any CPU = Debug|Any CPU
		Release|Any CPU = Release|Any CPU
	EndGlobalSection
	GlobalSection(ProjectConfigurationPlatforms) = postSolution
		{0B7E12A3-B4CF-4702-AF3E-0A22148D231C}.Debug|Any CPU.ActiveCfg = Debug|Any CPU
		{0B7E12A3-B4CF-4702-AF3E-0A22148D231C}.Debug|Any CPU.Build.0 = Debug|Any CPU
		{0B7E12A3-B4CF-4702-AF3E-0A22148D231C}.Release|Any CPU.ActiveCfg = Release|Any CPU
		{0B7E12A3-B4CF-4702-AF3E-0A22148D231C}.Release|Any CPU.Build.0 = Release|Any CPU
		{6AFFA2B1-9C9A-4ED9-909C-1B9318EB56FC}.Debug|Any CPU.ActiveCfg = Debug|Any CPU
		{6AFFA2B1-9C9A-4ED9-909C-1B9318EB56FC}.Debug|Any CPU.Build.0 = Debug|Any CPU
		{6AFFA2B1-9C9A-4ED9-909C-1B9318EB56FC}.Release|Any CPU.ActiveCfg = Release|Any CPU
		{6AFFA2B1-9C9A-4ED9-909C-1B9318EB56FC}.Release|Any CPU.Build.0 = Release|Any CPU
	EndGlobalSection
	GlobalSection(SolutionProperties) = preSolution
		HideSolutionNode = FALSE
	EndGlobalSection
	GlobalSection(ExtensibilityGlobals) = postSolution
		SolutionGuid = {90A4BF45-B2E4-49D0-918E-83BA65DD9671}
	EndGlobalSection
EndGlobal
